
Microsoft Visual Studio Solution File, Format Version 12.00
# Visual Studio Version 17
VisualStudioVersion = 17.4.33110.190
MinimumVisualStudioVersion = 10.0.40219.1
Project("{9A19103F-16F7-4668-BE54-9A1E7A4F7556}") = "ApiUsuarios.Services", "ApiUsuarios.Services\ApiUsuarios.Services.csproj", "{1E96E6B8-BABB-49ED-83A0-B8EFAD512368}"
EndProject
Project("{2150E333-8FDC-42A3-9474-1A3956D46DE8}") = "1 - API", "1 - API", "{0B5D1925-B018-4208-B5C6-D0D0912D1088}"
EndProject
Project("{2150E333-8FDC-42A3-9474-1A3956D46DE8}") = "2 - DDD", "2 - DDD", "{6BF4C0AA-03FA-4979-8000-DD68B81C6DE4}"
EndProject
Project("{2150E333-8FDC-42A3-9474-1A3956D46DE8}") = "Application", "Application", "{461A2396-16B5-444B-842C-F8CD647C7495}"
EndProject
Project("{2150E333-8FDC-42A3-9474-1A3956D46DE8}") = "Domain", "Domain", "{C9DBBD10-D004-4480-8282-52E6DE2C05C8}"
EndProject
Project("{2150E333-8FDC-42A3-9474-1A3956D46DE8}") = "InfraStructure", "InfraStructure", "{30C045CB-0DB2-4CA9-B827-D83D480367AF}"
EndProject
Project("{9A19103F-16F7-4668-BE54-9A1E7A4F7556}") = "ApiUsuarios.Domain", "ApiUsuarios.Domain\ApiUsuarios.Domain.csproj", "{6CD236B7-F7CF-46FB-BF89-46EFF79EEEEE}"
EndProject
Project("{9A19103F-16F7-4668-BE54-9A1E7A4F7556}") = "ApiUsuarios.Infra.Data", "ApiUsuarios.Infra.Data\ApiUsuarios.Infra.Data.csproj", "{31ECF748-3035-43B7-93FB-CDF11C4F8979}"
EndProject
Project("{9A19103F-16F7-4668-BE54-9A1E7A4F7556}") = "ApiUsuarios.Infra.Messages", "ApiUsuarios.Infra.Messages\ApiUsuarios.Infra.Messages.csproj", "{D17530EA-5657-45F0-A64E-0A1B5D8B6F90}"
EndProject
Project("{9A19103F-16F7-4668-BE54-9A1E7A4F7556}") = "ApiUsuarios.Application", "ApiUsuarios.Application\ApiUsuarios.Application.csproj", "{C1E9E2BE-49A1-45A9-B242-9477979B66BD}"
EndProject
Project("{2150E333-8FDC-42A3-9474-1A3956D46DE8}") = "3 - TDD", "3 - TDD", "{52B9D883-875A-433C-848C-2FFCC337420B}"
EndProject
Project("{9A19103F-16F7-4668-BE54-9A1E7A4F7556}") = "ApiUsuarios.Tests", "ApiUsuarios.Tests\ApiUsuarios.Tests.csproj", "{834B99AD-3049-4CD9-B34E-E04EB81A9B73}"
EndProject
Project("{FAE04EC0-301F-11D3-BF4B-00C04F79EFBC}") = "ApiUsuarios.Infra.RabbitMQ", "ApiUsuarios.Infra.RabbitMQ\ApiUsuarios.Infra.RabbitMQ.csproj", "{5FD3B260-7DC8-4126-817E-8A07AA97AE0F}"
EndProject
Global
	GlobalSection(SolutionConfigurationPlatforms) = preSolution
		Debug|Any CPU = Debug|Any CPU
		Release|Any CPU = Release|Any CPU
	EndGlobalSection
	GlobalSection(ProjectConfigurationPlatforms) = postSolution
		{1E96E6B8-BABB-49ED-83A0-B8EFAD512368}.Debug|Any CPU.ActiveCfg = Debug|Any CPU
		{1E96E6B8-BABB-49ED-83A0-B8EFAD512368}.Debug|Any CPU.Build.0 = Debug|Any CPU
		{1E96E6B8-BABB-49ED-83A0-B8EFAD512368}.Release|Any CPU.ActiveCfg = Release|Any CPU
		{1E96E6B8-BABB-49ED-83A0-B8EFAD512368}.Release|Any CPU.Build.0 = Release|Any CPU
		{6CD236B7-F7CF-46FB-BF89-46EFF79EEEEE}.Debug|Any CPU.ActiveCfg = Debug|Any CPU
		{6CD236B7-F7CF-46FB-BF89-46EFF79EEEEE}.Debug|Any CPU.Build.0 = Debug|Any CPU
		{6CD236B7-F7CF-46FB-BF89-46EFF79EEEEE}.Release|Any CPU.ActiveCfg = Release|Any CPU
		{6CD236B7-F7CF-46FB-BF89-46EFF79EEEEE}.Release|Any CPU.Build.0 = Release|Any CPU
		{31ECF748-3035-43B7-93FB-CDF11C4F8979}.Debug|Any CPU.ActiveCfg = Debug|Any CPU
		{31ECF748-3035-43B7-93FB-CDF11C4F8979}.Debug|Any CPU.Build.0 = Debug|Any CPU
		{31ECF748-3035-43B7-93FB-CDF11C4F8979}.Release|Any CPU.ActiveCfg = Release|Any CPU
		{31ECF748-3035-43B7-93FB-CDF11C4F8979}.Release|Any CPU.Build.0 = Release|Any CPU
		{D17530EA-5657-45F0-A64E-0A1B5D8B6F90}.Debug|Any CPU.ActiveCfg = Debug|Any CPU
		{D17530EA-5657-45F0-A64E-0A1B5D8B6F90}.Debug|Any CPU.Build.0 = Debug|Any CPU
		{D17530EA-5657-45F0-A64E-0A1B5D8B6F90}.Release|Any CPU.ActiveCfg = Release|Any CPU
		{D17530EA-5657-45F0-A64E-0A1B5D8B6F90}.Release|Any CPU.Build.0 = Release|Any CPU
		{C1E9E2BE-49A1-45A9-B242-9477979B66BD}.Debug|Any CPU.ActiveCfg = Debug|Any CPU
		{C1E9E2BE-49A1-45A9-B242-9477979B66BD}.Debug|Any CPU.Build.0 = Debug|Any CPU
		{C1E9E2BE-49A1-45A9-B242-9477979B66BD}.Release|Any CPU.ActiveCfg = Release|Any CPU
		{C1E9E2BE-49A1-45A9-B242-9477979B66BD}.Release|Any CPU.Build.0 = Release|Any CPU
		{834B99AD-3049-4CD9-B34E-E04EB81A9B73}.Debug|Any CPU.ActiveCfg = Debug|Any CPU
		{834B99AD-3049-4CD9-B34E-E04EB81A9B73}.Debug|Any CPU.Build.0 = Debug|Any CPU
		{834B99AD-3049-4CD9-B34E-E04EB81A9B73}.Release|Any CPU.ActiveCfg = Release|Any CPU
		{834B99AD-3049-4CD9-B34E-E04EB81A9B73}.Release|Any CPU.Build.0 = Release|Any CPU
		{5FD3B260-7DC8-4126-817E-8A07AA97AE0F}.Debug|Any CPU.ActiveCfg = Debug|Any CPU
		{5FD3B260-7DC8-4126-817E-8A07AA97AE0F}.Debug|Any CPU.Build.0 = Debug|Any CPU
		{5FD3B260-7DC8-4126-817E-8A07AA97AE0F}.Release|Any CPU.ActiveCfg = Release|Any CPU
		{5FD3B260-7DC8-4126-817E-8A07AA97AE0F}.Release|Any CPU.Build.0 = Release|Any CPU
	EndGlobalSection
	GlobalSection(SolutionProperties) = preSolution
		HideSolutionNode = FALSE
	EndGlobalSection
	GlobalSection(NestedProjects) = preSolution
		{1E96E6B8-BABB-49ED-83A0-B8EFAD512368} = {0B5D1925-B018-4208-B5C6-D0D0912D1088}
		{461A2396-16B5-444B-842C-F8CD647C7495} = {6BF4C0AA-03FA-4979-8000-DD68B81C6DE4}
		{C9DBBD10-D004-4480-8282-52E6DE2C05C8} = {6BF4C0AA-03FA-4979-8000-DD68B81C6DE4}
		{30C045CB-0DB2-4CA9-B827-D83D480367AF} = {6BF4C0AA-03FA-4979-8000-DD68B81C6DE4}
		{6CD236B7-F7CF-46FB-BF89-46EFF79EEEEE} = {C9DBBD10-D004-4480-8282-52E6DE2C05C8}
		{31ECF748-3035-43B7-93FB-CDF11C4F8979} = {30C045CB-0DB2-4CA9-B827-D83D480367AF}
		{D17530EA-5657-45F0-A64E-0A1B5D8B6F90} = {30C045CB-0DB2-4CA9-B827-D83D480367AF}
		{C1E9E2BE-49A1-45A9-B242-9477979B66BD} = {461A2396-16B5-444B-842C-F8CD647C7495}
		{834B99AD-3049-4CD9-B34E-E04EB81A9B73} = {52B9D883-875A-433C-848C-2FFCC337420B}
		{5FD3B260-7DC8-4126-817E-8A07AA97AE0F} = {30C045CB-0DB2-4CA9-B827-D83D480367AF}
	EndGlobalSection
	GlobalSection(ExtensibilityGlobals) = postSolution
		SolutionGuid = {DE73C0CC-1916-4F99-91D2-987D4EEDB88A}
	EndGlobalSection
EndGlobal
